
Microsoft Visual Studio Solution File, Format Version 12.00
# Visual Studio Version 16
VisualStudioVersion = 16.0.31702.278
MinimumVisualStudioVersion = 10.0.40219.1
Project("{FAE04EC0-301F-11D3-BF4B-00C04F79EFBC}") = "Homework.Task11", "Homework.Task11\Homework.Task11.csproj", "{A8FF3910-459E-4028-870A-CB44ECBE22FE}"
EndProject
Global
	GlobalSection(SolutionConfigurationPlatforms) = preSolution
		Debug|Any CPU = Debug|Any CPU
		Release|Any CPU = Release|Any CPU
	EndGlobalSection
	GlobalSection(ProjectConfigurationPlatforms) = postSolution
		{A8FF3910-459E-4028-870A-CB44ECBE22FE}.Debug|Any CPU.ActiveCfg = Debug|Any CPU
		{A8FF3910-459E-4028-870A-CB44ECBE22FE}.Debug|Any CPU.Build.0 = Debug|Any CPU
		{A8FF3910-459E-4028-870A-CB44ECBE22FE}.Release|Any CPU.ActiveCfg = Release|Any CPU
		{A8FF3910-459E-4028-870A-CB44ECBE22FE}.Release|Any CPU.Build.0 = Release|Any CPU
	EndGlobalSection
	GlobalSection(SolutionProperties) = preSolution
		HideSolutionNode = FALSE
	EndGlobalSection
	GlobalSection(ExtensibilityGlobals) = postSolution
		SolutionGuid = {B5EDD73D-E617-4E39-A9EF-21F34E7C7EE5}
	EndGlobalSection
EndGlobal
